// !$*UTF8*$!
{
	archiveVersion = 1;
	classes = {
	};
	objectVersion = 46;
	objects = {

/* Begin PBXBuildFile section */
		38D595C31B71F76D006587E2 /* main.m in Sources */ = {isa = PBXBuildFile; fileRef = 38D595C21B71F76D006587E2 /* main.m */; };
		38D595C61B71F76D006587E2 /* AppDelegate.m in Sources */ = {isa = PBXBuildFile; fileRef = 38D595C51B71F76D006587E2 /* AppDelegate.m */; };
		38D595C91B71F76D006587E2 /* ViewController.m in Sources */ = {isa = PBXBuildFile; fileRef = 38D595C81B71F76D006587E2 /* ViewController.m */; };
		38D595CC1B71F76D006587E2 /* Main.storyboard in Resources */ = {isa = PBXBuildFile; fileRef = 38D595CA1B71F76D006587E2 /* Main.storyboard */; };
		38D595CE1B71F76D006587E2 /* Images.xcassets in Resources */ = {isa = PBXBuildFile; fileRef = 38D595CD1B71F76D006587E2 /* Images.xcassets */; };
		38D595D11B71F76D006587E2 /* LaunchScreen.xib in Resources */ = {isa = PBXBuildFile; fileRef = 38D595CF1B71F76D006587E2 /* LaunchScreen.xib */; };
		38D595DD1B71F76D006587E2 /* OCUtilDemoTests.m in Sources */ = {isa = PBXBuildFile; fileRef = 38D595DC1B71F76D006587E2 /* OCUtilDemoTests.m */; };
		38D595F41B720235006587E2 /* NSObject+Util.m in Sources */ = {isa = PBXBuildFile; fileRef = 38D595F11B720235006587E2 /* NSObject+Util.m */; };
		38D595F51B720235006587E2 /* OCUtil.m in Sources */ = {isa = PBXBuildFile; fileRef = 38D595F31B720235006587E2 /* OCUtil.m */; };
/* End PBXBuildFile section */

/* Begin PBXContainerItemProxy section */
		38D595D71B71F76D006587E2 /* PBXContainerItemProxy */ = {
			isa = PBXContainerItemProxy;
			containerPortal = 38D595B51B71F76D006587E2 /* Project object */;
			proxyType = 1;
			remoteGlobalIDString = 38D595BC1B71F76D006587E2;
			remoteInfo = OCUtilDemo;
		};
/* End PBXContainerItemProxy section */

/* Begin PBXFileReference section */
		38D595BD1B71F76D006587E2 /* OCUtilDemo.app */ = {isa = PBXFileReference; explicitFileType = wrapper.application; includeInIndex = 0; path = OCUtilDemo.app; sourceTree = BUILT_PRODUCTS_DIR; };
		38D595C11B71F76D006587E2 /* Info.plist */ = {isa = PBXFileReference; lastKnownFileType = text.plist.xml; path = Info.plist; sourceTree = "<group>"; };
		38D595C21B71F76D006587E2 /* main.m */ = {isa = PBXFileReference; lastKnownFileType = sourcecode.c.objc; path = main.m; sourceTree = "<group>"; };
		38D595C41B71F76D006587E2 /* AppDelegate.h */ = {isa = PBXFileReference; lastKnownFileType = sourcecode.c.h; path = AppDelegate.h; sourceTree = "<group>"; };
		38D595C51B71F76D006587E2 /* AppDelegate.m */ = {isa = PBXFileReference; lastKnownFileType = sourcecode.c.objc; path = AppDelegate.m; sourceTree = "<group>"; };
		38D595C71B71F76D006587E2 /* ViewController.h */ = {isa = PBXFileReference; lastKnownFileType = sourcecode.c.h; path = ViewController.h; sourceTree = "<group>"; };
		38D595C81B71F76D006587E2 /* ViewController.m */ = {isa = PBXFileReference; lastKnownFileType = sourcecode.c.objc; path = ViewController.m; sourceTree = "<group>"; };
		38D595CB1B71F76D006587E2 /* Base */ = {isa = PBXFileReference; lastKnownFileType = file.storyboard; name = Base; path = Base.lproj/Main.storyboard; sourceTree = "<group>"; };
		38D595CD1B71F76D006587E2 /* Images.xcassets */ = {isa = PBXFileReference; lastKnownFileType = folder.assetcatalog; path = Images.xcassets; sourceTree = "<group>"; };
		38D595D01B71F76D006587E2 /* Base */ = {isa = PBXFileReference; lastKnownFileType = file.xib; name = Base; path = Base.lproj/LaunchScreen.xib; sourceTree = "<group>"; };
		38D595D61B71F76D006587E2 /* OCUtilDemoTests.xctest */ = {isa = PBXFileReference; explicitFileType = wrapper.cfbundle; includeInIndex = 0; path = OCUtilDemoTests.xctest; sourceTree = BUILT_PRODUCTS_DIR; };
		38D595DB1B71F76D006587E2 /* Info.plist */ = {isa = PBXFileReference; lastKnownFileType = text.plist.xml; path = Info.plist; sourceTree = "<group>"; };
		38D595DC1B71F76D006587E2 /* OCUtilDemoTests.m */ = {isa = PBXFileReference; lastKnownFileType = sourcecode.c.objc; path = OCUtilDemoTests.m; sourceTree = "<group>"; };
		38D595EE1B72004D006587E2 /* PrefixHeader.pch */ = {isa = PBXFileReference; lastKnownFileType = sourcecode.c.h; path = PrefixHeader.pch; sourceTree = "<group>"; };
		38D595F01B720235006587E2 /* NSObject+Util.h */ = {isa = PBXFileReference; fileEncoding = 4; lastKnownFileType = sourcecode.c.h; path = "NSObject+Util.h"; sourceTree = "<group>"; };
		38D595F11B720235006587E2 /* NSObject+Util.m */ = {isa = PBXFileReference; fileEncoding = 4; lastKnownFileType = sourcecode.c.objc; path = "NSObject+Util.m"; sourceTree = "<group>"; };
		38D595F21B720235006587E2 /* OCUtil.h */ = {isa = PBXFileReference; fileEncoding = 4; lastKnownFileType = sourcecode.c.h; path = OCUtil.h; sourceTree = "<group>"; };
		38D595F31B720235006587E2 /* OCUtil.m */ = {isa = PBXFileReference; fileEncoding = 4; lastKnownFileType = sourcecode.c.objc; path = OCUtil.m; sourceTree = "<group>"; };
/* End PBXFileReference section */

/* Begin PBXFrameworksBuildPhase section */
		38D595BA1B71F76D006587E2 /* Frameworks */ = {
			isa = PBXFrameworksBuildPhase;
			buildActionMask = 2147483647;
			files = (
			);
			runOnlyForDeploymentPostprocessing = 0;
		};
		38D595D31B71F76D006587E2 /* Frameworks */ = {
			isa = PBXFrameworksBuildPhase;
			buildActionMask = 2147483647;
			files = (
			);
			runOnlyForDeploymentPostprocessing = 0;
		};
/* End PBXFrameworksBuildPhase section */

/* Begin PBXGroup section */
		38D595B41B71F76D006587E2 = {
			isa = PBXGroup;
			children = (
				38D595BF1B71F76D006587E2 /* OCUtilDemo */,
				38D595D91B71F76D006587E2 /* OCUtilDemoTests */,
				38D595BE1B71F76D006587E2 /* Products */,
			);
			sourceTree = "<group>";
		};
		38D595BE1B71F76D006587E2 /* Products */ = {
			isa = PBXGroup;
			children = (
				38D595BD1B71F76D006587E2 /* OCUtilDemo.app */,
				38D595D61B71F76D006587E2 /* OCUtilDemoTests.xctest */,
			);
			name = Products;
			sourceTree = "<group>";
		};
		38D595BF1B71F76D006587E2 /* OCUtilDemo */ = {
			isa = PBXGroup;
			children = (
				38D595EF1B720235006587E2 /* OCUtil */,
				38D595C41B71F76D006587E2 /* AppDelegate.h */,
				38D595C51B71F76D006587E2 /* AppDelegate.m */,
				38D595C71B71F76D006587E2 /* ViewController.h */,
				38D595C81B71F76D006587E2 /* ViewController.m */,
				38D595CA1B71F76D006587E2 /* Main.storyboard */,
				38D595CD1B71F76D006587E2 /* Images.xcassets */,
				38D595CF1B71F76D006587E2 /* LaunchScreen.xib */,
				38D595C01B71F76D006587E2 /* Supporting Files */,
			);
			path = OCUtilDemo;
			sourceTree = "<group>";
		};
		38D595C01B71F76D006587E2 /* Supporting Files */ = {
			isa = PBXGroup;
			children = (
				38D595EE1B72004D006587E2 /* PrefixHeader.pch */,
				38D595C11B71F76D006587E2 /* Info.plist */,
				38D595C21B71F76D006587E2 /* main.m */,
			);
			name = "Supporting Files";
			sourceTree = "<group>";
		};
		38D595D91B71F76D006587E2 /* OCUtilDemoTests */ = {
			isa = PBXGroup;
			children = (
				38D595DC1B71F76D006587E2 /* OCUtilDemoTests.m */,
				38D595DA1B71F76D006587E2 /* Supporting Files */,
			);
			path = OCUtilDemoTests;
			sourceTree = "<group>";
		};
		38D595DA1B71F76D006587E2 /* Supporting Files */ = {
			isa = PBXGroup;
			children = (
				38D595DB1B71F76D006587E2 /* Info.plist */,
			);
			name = "Supporting Files";
			sourceTree = "<group>";
		};
		38D595EF1B720235006587E2 /* OCUtil */ = {
			isa = PBXGroup;
			children = (
				38D595F01B720235006587E2 /* NSObject+Util.h */,
				38D595F11B720235006587E2 /* NSObject+Util.m */,
				38D595F21B720235006587E2 /* OCUtil.h */,
				38D595F31B720235006587E2 /* OCUtil.m */,
			);
			name = OCUtil;
			path = ../../OCUtil;
			sourceTree = "<group>";
		};
/* End PBXGroup section */

/* Begin PBXNativeTarget section */
		38D595BC1B71F76D006587E2 /* OCUtilDemo */ = {
			isa = PBXNativeTarget;
			buildConfigurationList = 38D595E01B71F76D006587E2 /* Build configuration list for PBXNativeTarget "OCUtilDemo" */;
			buildPhases = (
				38D595B91B71F76D006587E2 /* Sources */,
				38D595BA1B71F76D006587E2 /* Frameworks */,
				38D595BB1B71F76D006587E2 /* Resources */,
			);
			buildRules = (
			);
			dependencies = (
			);
			name = OCUtilDemo;
			productName = OCUtilDemo;
			productReference = 38D595BD1B71F76D006587E2 /* OCUtilDemo.app */;
			productType = "com.apple.product-type.application";
		};
		38D595D51B71F76D006587E2 /* OCUtilDemoTests */ = {
			isa = PBXNativeTarget;
			buildConfigurationList = 38D595E31B71F76D006587E2 /* Build configuration list for PBXNativeTarget "OCUtilDemoTests" */;
			buildPhases = (
				38D595D21B71F76D006587E2 /* Sources */,
				38D595D31B71F76D006587E2 /* Frameworks */,
				38D595D41B71F76D006587E2 /* Resources */,
			);
			buildRules = (
			);
			dependencies = (
				38D595D81B71F76D006587E2 /* PBXTargetDependency */,
			);
			name = OCUtilDemoTests;
			productName = OCUtilDemoTests;
			productReference = 38D595D61B71F76D006587E2 /* OCUtilDemoTests.xctest */;
			productType = "com.apple.product-type.bundle.unit-test";
		};
/* End PBXNativeTarget section */

/* Begin PBXProject section */
		38D595B51B71F76D006587E2 /* Project object */ = {
			isa = PBXProject;
			attributes = {
				LastUpgradeCheck = 0610;
				ORGANIZATIONNAME = JM;
				TargetAttributes = {
					38D595BC1B71F76D006587E2 = {
						CreatedOnToolsVersion = 6.1.1;
					};
					38D595D51B71F76D006587E2 = {
						CreatedOnToolsVersion = 6.1.1;
						TestTargetID = 38D595BC1B71F76D006587E2;
					};
				};
			};
			buildConfigurationList = 38D595B81B71F76D006587E2 /* Build configuration list for PBXProject "OCUtilDemo" */;
			compatibilityVersion = "Xcode 3.2";
			developmentRegion = English;
			hasScannedForEncodings = 0;
			knownRegions = (
				en,
				Base,
			);
			mainGroup = 38D595B41B71F76D006587E2;
			productRefGroup = 38D595BE1B71F76D006587E2 /* Products */;
			projectDirPath = "";
			projectRoot = "";
			targets = (
				38D595BC1B71F76D006587E2 /* OCUtilDemo */,
				38D595D51B71F76D006587E2 /* OCUtilDemoTests */,
			);
		};
/* End PBXProject section */

/* Begin PBXResourcesBuildPhase section */
		38D595BB1B71F76D006587E2 /* Resources */ = {
			isa = PBXResourcesBuildPhase;
			buildActionMask = 2147483647;
			files = (
				38D595CC1B71F76D006587E2 /* Main.storyboard in Resources */,
				38D595D11B71F76D006587E2 /* LaunchScreen.xib in Resources */,
				38D595CE1B71F76D006587E2 /* Images.xcassets in Resources */,
			);
			runOnlyForDeploymentPostprocessing = 0;
		};
		38D595D41B71F76D006587E2 /* Resources */ = {
			isa = PBXResourcesBuildPhase;
			buildActionMask = 2147483647;
			files = (
			);
			runOnlyForDeploymentPostprocessing = 0;
		};
/* End PBXResourcesBuildPhase section */

/* Begin PBXSourcesBuildPhase section */
		38D595B91B71F76D006587E2 /* Sources */ = {
			isa = PBXSourcesBuildPhase;
			buildActionMask = 2147483647;
			files = (
				38D595F51B720235006587E2 /* OCUtil.m in Sources */,
				38D595C91B71F76D006587E2 /* ViewController.m in Sources */,
				38D595C61B71F76D006587E2 /* AppDelegate.m in Sources */,
				38D595C31B71F76D006587E2 /* main.m in Sources */,
				38D595F41B720235006587E2 /* NSObject+Util.m in Sources */,
			);
			runOnlyForDeploymentPostprocessing = 0;
		};
		38D595D21B71F76D006587E2 /* Sources */ = {
			isa = PBXSourcesBuildPhase;
			buildActionMask = 2147483647;
			files = (
				38D595DD1B71F76D006587E2 /* OCUtilDemoTests.m in Sources */,
			);
			runOnlyForDeploymentPostprocessing = 0;
		};
/* End PBXSourcesBuildPhase section */

/* Begin PBXTargetDependency section */
		38D595D81B71F76D006587E2 /* PBXTargetDependency */ = {
			isa = PBXTargetDependency;
			target = 38D595BC1B71F76D006587E2 /* OCUtilDemo */;
			targetProxy = 38D595D71B71F76D006587E2 /* PBXContainerItemProxy */;
		};
/* End PBXTargetDependency section */

/* Begin PBXVariantGroup section */
		38D595CA1B71F76D006587E2 /* Main.storyboard */ = {
			isa = PBXVariantGroup;
			children = (
				38D595CB1B71F76D006587E2 /* Base */,
			);
			name = Main.storyboard;
			sourceTree = "<group>";
		};
		38D595CF1B71F76D006587E2 /* LaunchScreen.xib */ = {
			isa = PBXVariantGroup;
			children = (
				38D595D01B71F76D006587E2 /* Base */,
			);
			name = LaunchScreen.xib;
			sourceTree = "<group>";
		};
/* End PBXVariantGroup section */

/* Begin XCBuildConfiguration section */
		38D595DE1B71F76D006587E2 /* Debug */ = {
			isa = XCBuildConfiguration;
			buildSettings = {
				ALWAYS_SEARCH_USER_PATHS = NO;
				CLANG_CXX_LANGUAGE_STANDARD = "gnu++0x";
				CLANG_CXX_LIBRARY = "libc++";
				CLANG_ENABLE_MODULES = YES;
				CLANG_ENABLE_OBJC_ARC = YES;
				CLANG_WARN_BOOL_CONVERSION = YES;
				CLANG_WARN_CONSTANT_CONVERSION = YES;
				CLANG_WARN_DIRECT_OBJC_ISA_USAGE = YES_ERROR;
				CLANG_WARN_EMPTY_BODY = YES;
				CLANG_WARN_ENUM_CONVERSION = YES;
				CLANG_WARN_INT_CONVERSION = YES;
				CLANG_WARN_OBJC_ROOT_CLASS = YES_ERROR;
				CLANG_WARN_UNREACHABLE_CODE = YES;
				CLANG_WARN__DUPLICATE_METHOD_MATCH = YES;
				"CODE_SIGN_IDENTITY[sdk=iphoneos*]" = "iPhone Developer";
				COPY_PHASE_STRIP = NO;
				ENABLE_STRICT_OBJC_MSGSEND = YES;
				GCC_C_LANGUAGE_STANDARD = gnu99;
				GCC_DYNAMIC_NO_PIC = NO;
				GCC_OPTIMIZATION_LEVEL = 0;
				GCC_PREPROCESSOR_DEFINITIONS = (
					"DEBUG=1",
					"$(inherited)",
				);
				GCC_SYMBOLS_PRIVATE_EXTERN = NO;
				GCC_WARN_64_TO_32_BIT_CONVERSION = YES;
				GCC_WARN_ABOUT_RETURN_TYPE = YES_ERROR;
				GCC_WARN_UNDECLARED_SELECTOR = YES;
				GCC_WARN_UNINITIALIZED_AUTOS = YES_AGGRESSIVE;
				GCC_WARN_UNUSED_FUNCTION = YES;
				GCC_WARN_UNUSED_VARIABLE = YES;
				IPHONEOS_DEPLOYMENT_TARGET = 8.1;
				MTL_ENABLE_DEBUG_INFO = YES;
				ONLY_ACTIVE_ARCH = YES;
				SDKROOT = iphoneos;
			};
			name = Debug;
		};
		38D595DF1B71F76D006587E2 /* Release */ = {
			isa = XCBuildConfiguration;
			buildSettings = {
				ALWAYS_SEARCH_USER_PATHS = NO;
				CLANG_CXX_LANGUAGE_STANDARD = "gnu++0x";
				CLANG_CXX_LIBRARY = "libc++";
				CLANG_ENABLE_MODULES = YES;
				CLANG_ENABLE_OBJC_ARC = YES;
				CLANG_WARN_BOOL_CONVERSION = YES;
				CLANG_WARN_CONSTANT_CONVERSION = YES;
				CLANG_WARN_DIRECT_OBJC_ISA_USAGE = YES_ERROR;
				CLANG_WARN_EMPTY_BODY = YES;
				CLANG_WARN_ENUM_CONVERSION = YES;
				CLANG_WARN_INT_CONVERSION = YES;
				CLANG_WARN_OBJC_ROOT_CLASS = YES_ERROR;
				CLANG_WARN_UNREACHABLE_CODE = YES;
				CLANG_WARN__DUPLICATE_METHOD_MATCH = YES;
				"CODE_SIGN_IDENTITY[sdk=iphoneos*]" = "iPhone Developer";
				COPY_PHASE_STRIP = YES;
				ENABLE_NS_ASSERTIONS = NO;
				ENABLE_STRICT_OBJC_MSGSEND = YES;
				GCC_C_LANGUAGE_STANDARD = gnu99;
				GCC_WARN_64_TO_32_BIT_CONVERSION = YES;
				GCC_WARN_ABOUT_RETURN_TYPE = YES_ERROR;
				GCC_WARN_UNDECLARED_SELECTOR = YES;
				GCC_WARN_UNINITIALIZED_AUTOS = YES_AGGRESSIVE;
				GCC_WARN_UNUSED_FUNCTION = YES;
				GCC_WARN_UNUSED_VARIABLE = YES;
				IPHONEOS_DEPLOYMENT_TARGET = 8.1;
				MTL_ENABLE_DEBUG_INFO = NO;
				SDKROOT = iphoneos;
				VALIDATE_PRODUCT = YES;
			};
			name = Release;
		};
		38D595E11B71F76D006587E2 /* Debug */ = {
			isa = XCBuildConfiguration;
			buildSettings = {
				ASSETCATALOG_COMPILER_APPICON_NAME = AppIcon;
				GCC_PRECOMPILE_PREFIX_HEADER = YES;
				GCC_PREFIX_HEADER = "$(SRCROOT)/OCUtilDemo/PrefixHeader.pch";
				INFOPLIST_FILE = OCUtilDemo/Info.plist;
				LD_RUNPATH_SEARCH_PATHS = "$(inherited) @executable_path/Frameworks";
				PRODUCT_NAME = "$(TARGET_NAME)";
			};
			name = Debug;
		};
		38D595E21B71F76D006587E2 /* Release */ = {
			isa = XCBuildConfiguration;
			buildSettings = {
				ASSETCATALOG_COMPILER_APPICON_NAME = AppIcon;
				GCC_PRECOMPILE_PREFIX_HEADER = YES;
				GCC_PREFIX_HEADER = "$(SRCROOT)/OCUtilDemo/PrefixHeader.pch";
				INFOPLIST_FILE = OCUtilDemo/Info.plist;
				LD_RUNPATH_SEARCH_PATHS = "$(inherited) @executable_path/Frameworks";
				PRODUCT_NAME = "$(TARGET_NAME)";
			};
			name = Release;
		};
		38D595E41B71F76D006587E2 /* Debug */ = {
			isa = XCBuildConfiguration;
			buildSettings = {
				BUNDLE_LOADER = "$(TEST_HOST)";
				FRAMEWORK_SEARCH_PATHS = (
					"$(SDKROOT)/Developer/Library/Frameworks",
					"$(inherited)",
				);
				GCC_PREPROCESSOR_DEFINITIONS = (
					"DEBUG=1",
					"$(inherited)",
				);
				INFOPLIST_FILE = OCUtilDemoTests/Info.plist;
				LD_RUNPATH_SEARCH_PATHS = "$(inherited) @executable_path/Frameworks @loader_path/Frameworks";
				PRODUCT_NAME = "$(TARGET_NAME)";
				TEST_HOST = "$(BUILT_PRODUCTS_DIR)/OCUtilDemo.app/OCUtilDemo";
			};
			name = Debug;
		};
		38D595E51B71F76D006587E2 /* Release */ = {
			isa = XCBuildConfiguration;
			buildSettings = {
				BUNDLE_LOADER = "$(TEST_HOST)";
				FRAMEWORK_SEARCH_PATHS = (
					"$(SDKROOT)/Developer/Library/Frameworks",
					"$(inherited)",
				);
				INFOPLIST_FILE = OCUtilDemoTests/Info.plist;
				LD_RUNPATH_SEARCH_PATHS = "$(inherited) @executable_path/Frameworks @loader_path/Frameworks";
				PRODUCT_NAME = "$(TARGET_NAME)";
				TEST_HOST = "$(BUILT_PRODUCTS_DIR)/OCUtilDemo.app/OCUtilDemo";
			};
			name = Release;
		};
/* End XCBuildConfiguration section */

/* Begin XCConfigurationList section */
		38D595B81B71F76D006587E2 /* Build configuration list for PBXProject "OCUtilDemo" */ = {
			isa = XCConfigurationList;
			buildConfigurations = (
				38D595DE1B71F76D006587E2 /* Debug */,
				38D595DF1B71F76D006587E2 /* Release */,
			);
			defaultConfigurationIsVisible = 0;
			defaultConfigurationName = Release;
		};
		38D595E01B71F76D006587E2 /* Build configuration list for PBXNativeTarget "OCUtilDemo" */ = {
			isa = XCConfigurationList;
			buildConfigurations = (
				38D595E11B71F76D006587E2 /* Debug */,
				38D595E21B71F76D006587E2 /* Release */,
			);
			defaultConfigurationIsVisible = 0;
			defaultConfigurationName = Release;
		};
		38D595E31B71F76D006587E2 /* Build configuration list for PBXNativeTarget "OCUtilDemoTests" */ = {
			isa = XCConfigurationList;
			buildConfigurations = (
				38D595E41B71F76D006587E2 /* Debug */,
				38D595E51B71F76D006587E2 /* Release */,
			);
			defaultConfigurationIsVisible = 0;
			defaultConfigurationName = Release;
		};
/* End XCConfigurationList section */
	};
	rootObject = 38D595B51B71F76D006587E2 /* Project object */;
}
